
Microsoft Visual Studio Solution File, Format Version 12.00
# Visual Studio Version 17
VisualStudioVersion = 17.8.34601.278
MinimumVisualStudioVersion = 10.0.40219.1
Project("{FAE04EC0-301F-11D3-BF4B-00C04F79EFBC}") = "JWTAuthentication", "JWTAuthentication.csproj", "{FDB9EFAA-2810-448B-BAA7-A26BDBE05891}"
EndProject
Project("{FAE04EC0-301F-11D3-BF4B-00C04F79EFBC}") = "JWTAuthentication.IntegrationTests", "JWTAuthentication.IntegrationTests\JWTAuthentication.IntegrationTests.csproj", "{A1B2C3D4-E5F6-7890-ABCD-EF1234567890}"
EndProject
Global
	GlobalSection(SolutionConfigurationPlatforms) = preSolution
		Debug|Any CPU = Debug|Any CPU
		Release|Any CPU = Release|Any CPU
	EndGlobalSection
	GlobalSection(ProjectConfigurationPlatforms) = postSolution
		{FDB9EFAA-2810-448B-BAA7-A26BDBE05891}.Debug|Any CPU.ActiveCfg = Debug|Any CPU
		{FDB9EFAA-2810-448B-BAA7-A26BDBE05891}.Debug|Any CPU.Build.0 = Debug|Any CPU
		{FDB9EFAA-2810-448B-BAA7-A26BDBE05891}.Release|Any CPU.ActiveCfg = Release|Any CPU
		{FDB9EFAA-2810-448B-BAA7-A26BDBE05891}.Release|Any CPU.Build.0 = Release|Any CPU
		{A1B2C3D4-E5F6-7890-ABCD-EF1234567890}.Debug|Any CPU.ActiveCfg = Debug|Any CPU
		{A1B2C3D4-E5F6-7890-ABCD-EF1234567890}.Debug|Any CPU.Build.0 = Debug|Any CPU
		{A1B2C3D4-E5F6-7890-ABCD-EF1234567890}.Release|Any CPU.ActiveCfg = Release|Any CPU
		{A1B2C3D4-E5F6-7890-ABCD-EF1234567890}.Release|Any CPU.Build.0 = Release|Any CPU
	EndGlobalSection
	GlobalSection(SolutionProperties) = preSolution
		HideSolutionNode = FALSE
	EndGlobalSection
	GlobalSection(ExtensibilityGlobals) = postSolution
		SolutionGuid = {6E876A16-EB20-4F5B-ADAE-FA1BE6771014}
	EndGlobalSection
EndGlobal
